{
  "name": "json-logic-engine-bench",
  "version": "1.0.0",
  "lockfileVersion": 1,
  "requires": true,
  "dependencies": {
    "json-logic-js": {
      "version": "2.0.1",
      "resolved": "https://registry.npmjs.org/json-logic-js/-/json-logic-js-2.0.1.tgz",
      "integrity": "sha512-J3hhqM4IY66sL8qyzU7cwLmTAt3kA6ZsYxyuZBEwhcc+OYPTmAHc64fBTXHT6K5RwFeUqJUX1tfO7wpKsUx+9A=="
    }
  }
}
